
Microsoft Visual Studio Solution File, Format Version 12.00
# Visual Studio Version 16
VisualStudioVersion = 16.0.30225.117
MinimumVisualStudioVersion = 10.0.40219.1
Project("{FAE04EC0-301F-11D3-BF4B-00C04F79EFBC}") = "StudentManager", "StudentManager.csproj", "{EC536601-1290-468A-83F8-E03958C27550}"
EndProject
Global
	GlobalSection(SolutionConfigurationPlatforms) = preSolution
		Debug|Any CPU = Debug|Any CPU
		Release|Any CPU = Release|Any CPU
	EndGlobalSection
	GlobalSection(ProjectConfigurationPlatforms) = postSolution
		{EC536601-1290-468A-83F8-E03958C27550}.Debug|Any CPU.ActiveCfg = Debug|Any CPU
		{EC536601-1290-468A-83F8-E03958C27550}.Debug|Any CPU.Build.0 = Debug|Any CPU
		{EC536601-1290-468A-83F8-E03958C27550}.Release|Any CPU.ActiveCfg = Release|Any CPU
		{EC536601-1290-468A-83F8-E03958C27550}.Release|Any CPU.Build.0 = Release|Any CPU
	EndGlobalSection
	GlobalSection(SolutionProperties) = preSolution
		HideSolutionNode = FALSE
	EndGlobalSection
	GlobalSection(ExtensibilityGlobals) = postSolution
		SolutionGuid = {434FDE94-3F4A-49BA-B546-932A7B02DE09}
	EndGlobalSection
EndGlobal
